// !$*UTF8*$!
{
	archiveVersion = 1;
	classes = {
	};
	objectVersion = 56;
	objects = {

/* Begin PBXBuildFile section */
		13B39FBA8CA649BBB86F0880 /* FolderPicker.swift in Sources */ = {isa = PBXBuildFile; fileRef = 96306577CD434A79A8654F62 /* FolderPicker.swift */; };
		33D3DBF422CB4F56A5D7CD52 /* PanoramaMediaViewerApp.swift in Sources */ = {isa = PBXBuildFile; fileRef = 26BE7030302A450B98AED59E /* PanoramaMediaViewerApp.swift */; };
		386DBF7932EA4D1182415A46 /* MediaLibrary.swift in Sources */ = {isa = PBXBuildFile; fileRef = B864D0C855544D819190F60C /* MediaLibrary.swift */; };
		66D01FAD2FCC2DC4001D7415 /* Assets.xcassets in Resources */ = {isa = PBXBuildFile; fileRef = A1B2C3D4E5F60718293A4B5B /* Assets.xcassets */; };
		6A9FC4587CD6495D976AC693 /* EquirectangularSceneView.swift in Sources */ = {isa = PBXBuildFile; fileRef = 26D3ED19A9594A48A911F22F /* EquirectangularSceneView.swift */; };
		7880E42D5E494D2DAC633B5A /* ViewerView.swift in Sources */ = {isa = PBXBuildFile; fileRef = A445D1282F3149C88F99D8A6 /* ViewerView.swift */; };
		9FCA55F472B24062A58F5B43 /* MediaItem.swift in Sources */ = {isa = PBXBuildFile; fileRef = 1FB131C9114848309BF1D45A /* MediaItem.swift */; };
		AA442E057CBC42C49E05939F /* ContentView.swift in Sources */ = {isa = PBXBuildFile; fileRef = 65BBA0ADFB6A41AB81CC0B20 /* ContentView.swift */; };
/* End PBXBuildFile section */

/* Begin PBXFileReference section */
		1FB131C9114848309BF1D45A /* MediaItem.swift */ = {isa = PBXFileReference; lastKnownFileType = sourcecode.swift; path = MediaItem.swift; sourceTree = "<group>"; };
		26BE7030302A450B98AED59E /* PanoramaMediaViewerApp.swift */ = {isa = PBXFileReference; lastKnownFileType = sourcecode.swift; path = PanoramaMediaViewerApp.swift; sourceTree = "<group>"; };
		26D3ED19A9594A48A911F22F /* EquirectangularSceneView.swift */ = {isa = PBXFileReference; lastKnownFileType = sourcecode.swift; path = EquirectangularSceneView.swift; sourceTree = "<group>"; };
		65BBA0ADFB6A41AB81CC0B20 /* ContentView.swift */ = {isa = PBXFileReference; lastKnownFileType = sourcecode.swift; path = ContentView.swift; sourceTree = "<group>"; };
		84851136ACC04D44B4A403F0 /* PanoramaMediaViewer.app */ = {isa = PBXFileReference; explicitFileType = wrapper.application; includeInIndex = 0; path = PanoramaMediaViewer.app; sourceTree = BUILT_PRODUCTS_DIR; };
		96306577CD434A79A8654F62 /* FolderPicker.swift */ = {isa = PBXFileReference; lastKnownFileType = sourcecode.swift; path = FolderPicker.swift; sourceTree = "<group>"; };
		A1B2C3D4E5F60718293A4B5B /* Assets.xcassets */ = {isa = PBXFileReference; lastKnownFileType = folder.assetcatalog; path = Assets.xcassets; sourceTree = "<group>"; };
		A445D1282F3149C88F99D8A6 /* ViewerView.swift */ = {isa = PBXFileReference; lastKnownFileType = sourcecode.swift; path = ViewerView.swift; sourceTree = "<group>"; };
		B864D0C855544D819190F60C /* MediaLibrary.swift */ = {isa = PBXFileReference; lastKnownFileType = sourcecode.swift; path = MediaLibrary.swift; sourceTree = "<group>"; };
		E7547105A0C34EBAB791528A /* Info.plist */ = {isa = PBXFileReference; lastKnownFileType = text.plist.xml; path = Info.plist; sourceTree = "<group>"; };
/* End PBXFileReference section */

/* Begin PBXFrameworksBuildPhase section */
		CFBE00E7322C49C1BA4DAA66 /* Frameworks */ = {
			isa = PBXFrameworksBuildPhase;
			buildActionMask = 2147483647;
			files = (
			);
			runOnlyForDeploymentPostprocessing = 0;
		};
/* End PBXFrameworksBuildPhase section */

/* Begin PBXGroup section */
		04814EC9A3ED49E9B3A60254 /* PanoramaMediaViewer */ = {
			isa = PBXGroup;
			children = (
				26BE7030302A450B98AED59E /* PanoramaMediaViewerApp.swift */,
				65BBA0ADFB6A41AB81CC0B20 /* ContentView.swift */,
				1FB131C9114848309BF1D45A /* MediaItem.swift */,
				B864D0C855544D819190F60C /* MediaLibrary.swift */,
				96306577CD434A79A8654F62 /* FolderPicker.swift */,
				A445D1282F3149C88F99D8A6 /* ViewerView.swift */,
				26D3ED19A9594A48A911F22F /* EquirectangularSceneView.swift */,
				A1B2C3D4E5F60718293A4B5B /* Assets.xcassets */,
				E7547105A0C34EBAB791528A /* Info.plist */,
			);
			path = PanoramaMediaViewer;
			sourceTree = "<group>";
		};
		133C4BD804394E16B44A1E71 /* Products */ = {
			isa = PBXGroup;
			children = (
				84851136ACC04D44B4A403F0 /* PanoramaMediaViewer.app */,
			);
			name = Products;
			sourceTree = "<group>";
		};
		A0D82928D7954BA08E854DF6 = {
			isa = PBXGroup;
			children = (
				04814EC9A3ED49E9B3A60254 /* PanoramaMediaViewer */,
				133C4BD804394E16B44A1E71 /* Products */,
			);
			sourceTree = "<group>";
		};
/* End PBXGroup section */

/* Begin PBXNativeTarget section */
		B1D1B8AD6E7E488A8667FEB5 /* PanoramaMediaViewer */ = {
			isa = PBXNativeTarget;
			buildConfigurationList = A82768FE03AE4722A22EE626 /* Build configuration list for PBXNativeTarget "PanoramaMediaViewer" */;
			buildPhases = (
				7BC525C0F65D44CBBCC7FC0C /* Sources */,
				CFBE00E7322C49C1BA4DAA66 /* Frameworks */,
				848E8EC4DE7A44E1A217DD75 /* Resources */,
			);
			buildRules = (
			);
			dependencies = (
			);
			name = PanoramaMediaViewer;
			productName = PanoramaMediaViewer;
			productReference = 84851136ACC04D44B4A403F0 /* PanoramaMediaViewer.app */;
			productType = "com.apple.product-type.application";
		};
/* End PBXNativeTarget section */

/* Begin PBXProject section */
		124453C75BDE46889C8E225F /* Project object */ = {
			isa = PBXProject;
			attributes = {
				BuildIndependentTargetsInParallel = 1;
				LastSwiftUpdateCheck = 1600;
				LastUpgradeCheck = 2600;
				TargetAttributes = {
					B1D1B8AD6E7E488A8667FEB5 = {
						CreatedOnToolsVersion = 16.0;
					};
				};
			};
			buildConfigurationList = 5228F5285B254951ABDD5685 /* Build configuration list for PBXProject "PanoramaMediaViewer" */;
			compatibilityVersion = "Xcode 14.0";
			developmentRegion = en;
			hasScannedForEncodings = 0;
			knownRegions = (
				en,
				Base,
			);
			mainGroup = A0D82928D7954BA08E854DF6;
			productRefGroup = 133C4BD804394E16B44A1E71 /* Products */;
			projectDirPath = "";
			projectRoot = "";
			targets = (
				B1D1B8AD6E7E488A8667FEB5 /* PanoramaMediaViewer */,
			);
		};
/* End PBXProject section */

/* Begin PBXResourcesBuildPhase section */
		848E8EC4DE7A44E1A217DD75 /* Resources */ = {
			isa = PBXResourcesBuildPhase;
			buildActionMask = 2147483647;
			files = (
				66D01FAD2FCC2DC4001D7415 /* Assets.xcassets in Resources */,
			);
			runOnlyForDeploymentPostprocessing = 0;
		};
/* End PBXResourcesBuildPhase section */

/* Begin PBXSourcesBuildPhase section */
		7BC525C0F65D44CBBCC7FC0C /* Sources */ = {
			isa = PBXSourcesBuildPhase;
			buildActionMask = 2147483647;
			files = (
				33D3DBF422CB4F56A5D7CD52 /* PanoramaMediaViewerApp.swift in Sources */,
				AA442E057CBC42C49E05939F /* ContentView.swift in Sources */,
				9FCA55F472B24062A58F5B43 /* MediaItem.swift in Sources */,
				386DBF7932EA4D1182415A46 /* MediaLibrary.swift in Sources */,
				13B39FBA8CA649BBB86F0880 /* FolderPicker.swift in Sources */,
				7880E42D5E494D2DAC633B5A /* ViewerView.swift in Sources */,
				6A9FC4587CD6495D976AC693 /* EquirectangularSceneView.swift in Sources */,
			);
			runOnlyForDeploymentPostprocessing = 0;
		};
/* End PBXSourcesBuildPhase section */

/* Begin XCBuildConfiguration section */
		316827D6CC184193AFFEC1D3 /* Release */ = {
			isa = XCBuildConfiguration;
			buildSettings = {
				ALWAYS_SEARCH_USER_PATHS = NO;
				ASSETCATALOG_COMPILER_GENERATE_SWIFT_ASSET_SYMBOL_EXTENSIONS = YES;
				CLANG_ANALYZER_NONNULL = YES;
				CLANG_ANALYZER_NUMBER_OBJECT_CONVERSION = YES_AGGRESSIVE;
				CLANG_CXX_LANGUAGE_STANDARD = "gnu++20";
				CLANG_ENABLE_MODULES = YES;
				CLANG_ENABLE_OBJC_ARC = YES;
				CLANG_ENABLE_OBJC_WEAK = YES;
				CLANG_WARN_BLOCK_CAPTURE_AUTORELEASING = YES;
				CLANG_WARN_BOOL_CONVERSION = YES;
				CLANG_WARN_COMMA = YES;
				CLANG_WARN_CONSTANT_CONVERSION = YES;
				CLANG_WARN_DEPRECATED_OBJC_IMPLEMENTATIONS = YES;
				CLANG_WARN_DIRECT_OBJC_ISA_USAGE = YES_ERROR;
				CLANG_WARN_DOCUMENTATION_COMMENTS = YES;
				CLANG_WARN_EMPTY_BODY = YES;
				CLANG_WARN_ENUM_CONVERSION = YES;
				CLANG_WARN_INFINITE_RECURSION = YES;
				CLANG_WARN_INT_CONVERSION = YES;
				CLANG_WARN_NON_LITERAL_NULL_CONVERSION = YES;
				CLANG_WARN_OBJC_IMPLICIT_RETAIN_SELF = YES;
				CLANG_WARN_OBJC_LITERAL_CONVERSION = YES;
				CLANG_WARN_OBJC_ROOT_CLASS = YES_ERROR;
				CLANG_WARN_QUOTED_INCLUDE_IN_FRAMEWORK_HEADER = YES;
				CLANG_WARN_RANGE_LOOP_ANALYSIS = YES;
				CLANG_WARN_STRICT_PROTOTYPES = YES;
				CLANG_WARN_SUSPICIOUS_MOVE = YES;
				CLANG_WARN_UNGUARDED_AVAILABILITY = YES_AGGRESSIVE;
				CLANG_WARN_UNREACHABLE_CODE = YES;
				CLANG_WARN__DUPLICATE_METHOD_MATCH = YES;
				COPY_PHASE_STRIP = NO;
				DEBUG_INFORMATION_FORMAT = "dwarf-with-dsym";
				DEVELOPMENT_TEAM = KD4SRHRFF6;
				ENABLE_NS_ASSERTIONS = NO;
				ENABLE_STRICT_OBJC_MSGSEND = YES;
				ENABLE_USER_SCRIPT_SANDBOXING = YES;
				GCC_C_LANGUAGE_STANDARD = gnu17;
				GCC_NO_COMMON_BLOCKS = YES;
				GCC_WARN_64_TO_32_BIT_CONVERSION = YES;
				GCC_WARN_ABOUT_RETURN_TYPE = YES_ERROR;
				GCC_WARN_UNDECLARED_SELECTOR = YES;
				GCC_WARN_UNINITIALIZED_AUTOS = YES_AGGRESSIVE;
				GCC_WARN_UNUSED_FUNCTION = YES;
				GCC_WARN_UNUSED_VARIABLE = YES;
				IPHONEOS_DEPLOYMENT_TARGET = 17.0;
				MTL_ENABLE_DEBUG_INFO = NO;
				MTL_FAST_MATH = YES;
				SDKROOT = iphoneos;
				STRING_CATALOG_GENERATE_SYMBOLS = YES;
				SWIFT_COMPILATION_MODE = wholemodule;
			};
			name = Release;
		};
		339B8A42467D42E9846087E0 /* Release */ = {
			isa = XCBuildConfiguration;
			buildSettings = {
				ASSETCATALOG_COMPILER_APPICON_NAME = AppIcon;
				CODE_SIGN_STYLE = Automatic;
				CURRENT_PROJECT_VERSION = 3;
				DEVELOPMENT_ASSET_PATHS = "";
				GENERATE_INFOPLIST_FILE = NO;
				INFOPLIST_FILE = PanoramaMediaViewer/Info.plist;
				INFOPLIST_KEY_UIApplicationSupportsIndirectInputEvents = YES;
				IPHONEOS_DEPLOYMENT_TARGET = 17.0;
				MARKETING_VERSION = 1.0;
				PRODUCT_BUNDLE_IDENTIFIER = com.example.PanoramaMediaViewer;
				PRODUCT_NAME = "$(TARGET_NAME)";
				SUPPORTED_PLATFORMS = "iphoneos iphonesimulator";
				SUPPORTS_MACCATALYST = NO;
				SWIFT_EMIT_LOC_STRINGS = YES;
				SWIFT_VERSION = 5.0;
				TARGETED_DEVICE_FAMILY = "1,2";
			};
			name = Release;
		};
		4A9F516C1A1544A1B8500B56 /* Debug */ = {
			isa = XCBuildConfiguration;
			buildSettings = {
				ASSETCATALOG_COMPILER_APPICON_NAME = AppIcon;
				CODE_SIGN_STYLE = Automatic;
				CURRENT_PROJECT_VERSION = 3;
				DEVELOPMENT_ASSET_PATHS = "";
				GENERATE_INFOPLIST_FILE = NO;
				INFOPLIST_FILE = PanoramaMediaViewer/Info.plist;
				INFOPLIST_KEY_UIApplicationSupportsIndirectInputEvents = YES;
				IPHONEOS_DEPLOYMENT_TARGET = 17.0;
				MARKETING_VERSION = 1.0;
				PRODUCT_BUNDLE_IDENTIFIER = com.example.PanoramaMediaViewer;
				PRODUCT_NAME = "$(TARGET_NAME)";
				SUPPORTED_PLATFORMS = "iphoneos iphonesimulator";
				SUPPORTS_MACCATALYST = NO;
				SWIFT_EMIT_LOC_STRINGS = YES;
				SWIFT_VERSION = 5.0;
				TARGETED_DEVICE_FAMILY = "1,2";
			};
			name = Debug;
		};
		91EFFD35972C4061811679D9 /* Debug */ = {
			isa = XCBuildConfiguration;
			buildSettings = {
				ALWAYS_SEARCH_USER_PATHS = NO;
				ASSETCATALOG_COMPILER_GENERATE_SWIFT_ASSET_SYMBOL_EXTENSIONS = YES;
				CLANG_ANALYZER_NONNULL = YES;
				CLANG_ANALYZER_NUMBER_OBJECT_CONVERSION = YES_AGGRESSIVE;
				CLANG_CXX_LANGUAGE_STANDARD = "gnu++20";
				CLANG_ENABLE_MODULES = YES;
				CLANG_ENABLE_OBJC_ARC = YES;
				CLANG_ENABLE_OBJC_WEAK = YES;
				CLANG_WARN_BLOCK_CAPTURE_AUTORELEASING = YES;
				CLANG_WARN_BOOL_CONVERSION = YES;
				CLANG_WARN_COMMA = YES;
				CLANG_WARN_CONSTANT_CONVERSION = YES;
				CLANG_WARN_DEPRECATED_OBJC_IMPLEMENTATIONS = YES;
				CLANG_WARN_DIRECT_OBJC_ISA_USAGE = YES_ERROR;
				CLANG_WARN_DOCUMENTATION_COMMENTS = YES;
				CLANG_WARN_EMPTY_BODY = YES;
				CLANG_WARN_ENUM_CONVERSION = YES;
				CLANG_WARN_INFINITE_RECURSION = YES;
				CLANG_WARN_INT_CONVERSION = YES;
				CLANG_WARN_NON_LITERAL_NULL_CONVERSION = YES;
				CLANG_WARN_OBJC_IMPLICIT_RETAIN_SELF = YES;
				CLANG_WARN_OBJC_LITERAL_CONVERSION = YES;
				CLANG_WARN_OBJC_ROOT_CLASS = YES_ERROR;
				CLANG_WARN_QUOTED_INCLUDE_IN_FRAMEWORK_HEADER = YES;
				CLANG_WARN_RANGE_LOOP_ANALYSIS = YES;
				CLANG_WARN_STRICT_PROTOTYPES = YES;
				CLANG_WARN_SUSPICIOUS_MOVE = YES;
				CLANG_WARN_UNGUARDED_AVAILABILITY = YES_AGGRESSIVE;
				CLANG_WARN_UNREACHABLE_CODE = YES;
				CLANG_WARN__DUPLICATE_METHOD_MATCH = YES;
				COPY_PHASE_STRIP = NO;
				DEBUG_INFORMATION_FORMAT = dwarf;
				DEVELOPMENT_TEAM = KD4SRHRFF6;
				ENABLE_STRICT_OBJC_MSGSEND = YES;
				ENABLE_TESTABILITY = YES;
				ENABLE_USER_SCRIPT_SANDBOXING = YES;
				GCC_C_LANGUAGE_STANDARD = gnu17;
				GCC_DYNAMIC_NO_PIC = NO;
				GCC_NO_COMMON_BLOCKS = YES;
				GCC_OPTIMIZATION_LEVEL = 0;
				GCC_PREPROCESSOR_DEFINITIONS = (
					"DEBUG=1",
					"$(inherited)",
				);
				GCC_WARN_64_TO_32_BIT_CONVERSION = YES;
				GCC_WARN_ABOUT_RETURN_TYPE = YES_ERROR;
				GCC_WARN_UNDECLARED_SELECTOR = YES;
				GCC_WARN_UNINITIALIZED_AUTOS = YES_AGGRESSIVE;
				GCC_WARN_UNUSED_FUNCTION = YES;
				GCC_WARN_UNUSED_VARIABLE = YES;
				IPHONEOS_DEPLOYMENT_TARGET = 17.0;
				MTL_ENABLE_DEBUG_INFO = INCLUDE_SOURCE;
				MTL_FAST_MATH = YES;
				ONLY_ACTIVE_ARCH = YES;
				SDKROOT = iphoneos;
				STRING_CATALOG_GENERATE_SYMBOLS = YES;
				SWIFT_ACTIVE_COMPILATION_CONDITIONS = DEBUG;
				SWIFT_OPTIMIZATION_LEVEL = "-Onone";
			};
			name = Debug;
		};
/* End XCBuildConfiguration section */

/* Begin XCConfigurationList section */
		5228F5285B254951ABDD5685 /* Build configuration list for PBXProject "PanoramaMediaViewer" */ = {
			isa = XCConfigurationList;
			buildConfigurations = (
				91EFFD35972C4061811679D9 /* Debug */,
				316827D6CC184193AFFEC1D3 /* Release */,
			);
			defaultConfigurationIsVisible = 0;
			defaultConfigurationName = Release;
		};
		A82768FE03AE4722A22EE626 /* Build configuration list for PBXNativeTarget "PanoramaMediaViewer" */ = {
			isa = XCConfigurationList;
			buildConfigurations = (
				4A9F516C1A1544A1B8500B56 /* Debug */,
				339B8A42467D42E9846087E0 /* Release */,
			);
			defaultConfigurationIsVisible = 0;
			defaultConfigurationName = Release;
		};
/* End XCConfigurationList section */
	};
	rootObject = 124453C75BDE46889C8E225F /* Project object */;
}
